
Microsoft Visual Studio Solution File, Format Version 12.00
# Visual Studio 2017
Project("{FAE04EC0-301F-11D3-BF4B-00C04F79EFBC}") = "Jumping Joe.Plugins", "Jumping Joe.Plugins.csproj", "{BAE8679A-FC7A-A71C-1F3F-E4AB23DF4FAA}"
EndProject
Project("{FAE04EC0-301F-11D3-BF4B-00C04F79EFBC}") = "Jumping Joe.Editor.Plugins", "Jumping Joe.Editor.Plugins.csproj", "{23027B82-2B88-F0BF-5830-9FC406DCF531}"
EndProject
Global
	GlobalSection(SolutionConfigurationPlatforms) = preSolution
		Debug|Any CPU = Debug|Any CPU
		Release|Any CPU = Release|Any CPU
	EndGlobalSection
	GlobalSection(ProjectConfigurationPlatforms) = postSolution
		{BAE8679A-FC7A-A71C-1F3F-E4AB23DF4FAA}.Debug|Any CPU.ActiveCfg = Debug|Any CPU
		{BAE8679A-FC7A-A71C-1F3F-E4AB23DF4FAA}.Debug|Any CPU.Build.0 = Debug|Any CPU
		{BAE8679A-FC7A-A71C-1F3F-E4AB23DF4FAA}.Release|Any CPU.ActiveCfg = Release|Any CPU
		{BAE8679A-FC7A-A71C-1F3F-E4AB23DF4FAA}.Release|Any CPU.Build.0 = Release|Any CPU
		{23027B82-2B88-F0BF-5830-9FC406DCF531}.Debug|Any CPU.ActiveCfg = Debug|Any CPU
		{23027B82-2B88-F0BF-5830-9FC406DCF531}.Debug|Any CPU.Build.0 = Debug|Any CPU
		{23027B82-2B88-F0BF-5830-9FC406DCF531}.Release|Any CPU.ActiveCfg = Release|Any CPU
		{23027B82-2B88-F0BF-5830-9FC406DCF531}.Release|Any CPU.Build.0 = Release|Any CPU
	EndGlobalSection
	GlobalSection(SolutionProperties) = preSolution
		HideSolutionNode = FALSE
	EndGlobalSection
EndGlobal
